
Microsoft Visual Studio Solution File, Format Version 12.00
# Visual Studio Version 17
VisualStudioVersion = 17.8.34525.116
MinimumVisualStudioVersion = 10.0.40219.1
Project("{FAE04EC0-301F-11D3-BF4B-00C04F79EFBC}") = "Asp.netMVC_CRUD", "Asp.netMVC_CRUD\Asp.netMVC_CRUD.csproj", "{302942A7-0704-4831-99E8-4A6AAFDBD33A}"
EndProject
Global
	GlobalSection(SolutionConfigurationPlatforms) = preSolution
		Debug|Any CPU = Debug|Any CPU
		Release|Any CPU = Release|Any CPU
	EndGlobalSection
	GlobalSection(ProjectConfigurationPlatforms) = postSolution
		{302942A7-0704-4831-99E8-4A6AAFDBD33A}.Debug|Any CPU.ActiveCfg = Debug|Any CPU
		{302942A7-0704-4831-99E8-4A6AAFDBD33A}.Debug|Any CPU.Build.0 = Debug|Any CPU
		{302942A7-0704-4831-99E8-4A6AAFDBD33A}.Release|Any CPU.ActiveCfg = Release|Any CPU
		{302942A7-0704-4831-99E8-4A6AAFDBD33A}.Release|Any CPU.Build.0 = Release|Any CPU
	EndGlobalSection
	GlobalSection(SolutionProperties) = preSolution
		HideSolutionNode = FALSE
	EndGlobalSection
	GlobalSection(ExtensibilityGlobals) = postSolution
		SolutionGuid = {77B296AF-9B03-4343-B97A-035B2C3AA3AA}
	EndGlobalSection
EndGlobal
